// !$*UTF8*$!
{
	archiveVersion = 1;
	classes = {
	};
	objectVersion = 50;
	objects = {

/* Begin PBXBuildFile section */
		4210A9EC253F1EF900131669 /* AppDelegate.swift in Sources */ = {isa = PBXBuildFile; fileRef = 4210A9EB253F1EF900131669 /* AppDelegate.swift */; };
		4210A9EE253F1EF900131669 /* SceneDelegate.swift in Sources */ = {isa = PBXBuildFile; fileRef = 4210A9ED253F1EF900131669 /* SceneDelegate.swift */; };
		4210A9F0253F1EF900131669 /* ViewController.swift in Sources */ = {isa = PBXBuildFile; fileRef = 4210A9EF253F1EF900131669 /* ViewController.swift */; };
		4210A9F3253F1EF900131669 /* Main.storyboard in Resources */ = {isa = PBXBuildFile; fileRef = 4210A9F1253F1EF900131669 /* Main.storyboard */; };
		4210A9F5253F1EFA00131669 /* Assets.xcassets in Resources */ = {isa = PBXBuildFile; fileRef = 4210A9F4253F1EFA00131669 /* Assets.xcassets */; };
		4210A9F8253F1EFA00131669 /* LaunchScreen.storyboard in Resources */ = {isa = PBXBuildFile; fileRef = 4210A9F6253F1EFA00131669 /* LaunchScreen.storyboard */; };
		4210AA03253F1EFA00131669 /* flixsterTests.swift in Sources */ = {isa = PBXBuildFile; fileRef = 4210AA02253F1EFA00131669 /* flixsterTests.swift */; };
		4210AA0E253F1EFA00131669 /* flixsterUITests.swift in Sources */ = {isa = PBXBuildFile; fileRef = 4210AA0D253F1EFA00131669 /* flixsterUITests.swift */; };
/* End PBXBuildFile section */

/* Begin PBXContainerItemProxy section */
		4210A9FF253F1EFA00131669 /* PBXContainerItemProxy */ = {
			isa = PBXContainerItemProxy;
			containerPortal = 4210A9E0253F1EF900131669 /* Project object */;
			proxyType = 1;
			remoteGlobalIDString = 4210A9E7253F1EF900131669;
			remoteInfo = flixster;
		};
		4210AA0A253F1EFA00131669 /* PBXContainerItemProxy */ = {
			isa = PBXContainerItemProxy;
			containerPortal = 4210A9E0253F1EF900131669 /* Project object */;
			proxyType = 1;
			remoteGlobalIDString = 4210A9E7253F1EF900131669;
			remoteInfo = flixster;
		};
/* End PBXContainerItemProxy section */

/* Begin PBXFileReference section */
		4210A9E8253F1EF900131669 /* flixster.app */ = {isa = PBXFileReference; explicitFileType = wrapper.application; includeInIndex = 0; path = flixster.app; sourceTree = BUILT_PRODUCTS_DIR; };
		4210A9EB253F1EF900131669 /* AppDelegate.swift */ = {isa = PBXFileReference; lastKnownFileType = sourcecode.swift; path = AppDelegate.swift; sourceTree = "<group>"; };
		4210A9ED253F1EF900131669 /* SceneDelegate.swift */ = {isa = PBXFileReference; lastKnownFileType = sourcecode.swift; path = SceneDelegate.swift; sourceTree = "<group>"; };
		4210A9EF253F1EF900131669 /* ViewController.swift */ = {isa = PBXFileReference; lastKnownFileType = sourcecode.swift; path = ViewController.swift; sourceTree = "<group>"; };
		4210A9F2253F1EF900131669 /* Base */ = {isa = PBXFileReference; lastKnownFileType = file.storyboard; name = Base; path = Base.lproj/Main.storyboard; sourceTree = "<group>"; };
		4210A9F4253F1EFA00131669 /* Assets.xcassets */ = {isa = PBXFileReference; lastKnownFileType = folder.assetcatalog; path = Assets.xcassets; sourceTree = "<group>"; };
		4210A9F7253F1EFA00131669 /* Base */ = {isa = PBXFileReference; lastKnownFileType = file.storyboard; name = Base; path = Base.lproj/LaunchScreen.storyboard; sourceTree = "<group>"; };
		4210A9F9253F1EFA00131669 /* Info.plist */ = {isa = PBXFileReference; lastKnownFileType = text.plist.xml; path = Info.plist; sourceTree = "<group>"; };
		4210A9FE253F1EFA00131669 /* flixsterTests.xctest */ = {isa = PBXFileReference; explicitFileType = wrapper.cfbundle; includeInIndex = 0; path = flixsterTests.xctest; sourceTree = BUILT_PRODUCTS_DIR; };
		4210AA02253F1EFA00131669 /* flixsterTests.swift */ = {isa = PBXFileReference; lastKnownFileType = sourcecode.swift; path = flixsterTests.swift; sourceTree = "<group>"; };
		4210AA04253F1EFA00131669 /* Info.plist */ = {isa = PBXFileReference; lastKnownFileType = text.plist.xml; path = Info.plist; sourceTree = "<group>"; };
		4210AA09253F1EFA00131669 /* flixsterUITests.xctest */ = {isa = PBXFileReference; explicitFileType = wrapper.cfbundle; includeInIndex = 0; path = flixsterUITests.xctest; sourceTree = BUILT_PRODUCTS_DIR; };
		4210AA0D253F1EFA00131669 /* flixsterUITests.swift */ = {isa = PBXFileReference; lastKnownFileType = sourcecode.swift; path = flixsterUITests.swift; sourceTree = "<group>"; };
		4210AA0F253F1EFA00131669 /* Info.plist */ = {isa = PBXFileReference; lastKnownFileType = text.plist.xml; path = Info.plist; sourceTree = "<group>"; };
/* End PBXFileReference section */

/* Begin PBXFrameworksBuildPhase section */
		4210A9E5253F1EF900131669 /* Frameworks */ = {
			isa = PBXFrameworksBuildPhase;
			buildActionMask = 2147483647;
			files = (
			);
			runOnlyForDeploymentPostprocessing = 0;
		};
		4210A9FB253F1EFA00131669 /* Frameworks */ = {
			isa = PBXFrameworksBuildPhase;
			buildActionMask = 2147483647;
			files = (
			);
			runOnlyForDeploymentPostprocessing = 0;
		};
		4210AA06253F1EFA00131669 /* Frameworks */ = {
			isa = PBXFrameworksBuildPhase;
			buildActionMask = 2147483647;
			files = (
			);
			runOnlyForDeploymentPostprocessing = 0;
		};
/* End PBXFrameworksBuildPhase section */

/* Begin PBXGroup section */
		4210A9DF253F1EF900131669 = {
			isa = PBXGroup;
			children = (
				4210A9EA253F1EF900131669 /* flixster */,
				4210AA01253F1EFA00131669 /* flixsterTests */,
				4210AA0C253F1EFA00131669 /* flixsterUITests */,
				4210A9E9253F1EF900131669 /* Products */,
			);
			sourceTree = "<group>";
		};
		4210A9E9253F1EF900131669 /* Products */ = {
			isa = PBXGroup;
			children = (
				4210A9E8253F1EF900131669 /* flixster.app */,
				4210A9FE253F1EFA00131669 /* flixsterTests.xctest */,
				4210AA09253F1EFA00131669 /* flixsterUITests.xctest */,
			);
			name = Products;
			sourceTree = "<group>";
		};
		4210A9EA253F1EF900131669 /* flixster */ = {
			isa = PBXGroup;
			children = (
				4210A9EB253F1EF900131669 /* AppDelegate.swift */,
				4210A9ED253F1EF900131669 /* SceneDelegate.swift */,
				4210A9EF253F1EF900131669 /* ViewController.swift */,
				4210A9F1253F1EF900131669 /* Main.storyboard */,
				4210A9F4253F1EFA00131669 /* Assets.xcassets */,
				4210A9F6253F1EFA00131669 /* LaunchScreen.storyboard */,
				4210A9F9253F1EFA00131669 /* Info.plist */,
			);
			path = flixster;
			sourceTree = "<group>";
		};
		4210AA01253F1EFA00131669 /* flixsterTests */ = {
			isa = PBXGroup;
			children = (
				4210AA02253F1EFA00131669 /* flixsterTests.swift */,
				4210AA04253F1EFA00131669 /* Info.plist */,
			);
			path = flixsterTests;
			sourceTree = "<group>";
		};
		4210AA0C253F1EFA00131669 /* flixsterUITests */ = {
			isa = PBXGroup;
			children = (
				4210AA0D253F1EFA00131669 /* flixsterUITests.swift */,
				4210AA0F253F1EFA00131669 /* Info.plist */,
			);
			path = flixsterUITests;
			sourceTree = "<group>";
		};
/* End PBXGroup section */

/* Begin PBXNativeTarget section */
		4210A9E7253F1EF900131669 /* flixster */ = {
			isa = PBXNativeTarget;
			buildConfigurationList = 4210AA12253F1EFA00131669 /* Build configuration list for PBXNativeTarget "flixster" */;
			buildPhases = (
				4210A9E4253F1EF900131669 /* Sources */,
				4210A9E5253F1EF900131669 /* Frameworks */,
				4210A9E6253F1EF900131669 /* Resources */,
			);
			buildRules = (
			);
			dependencies = (
			);
			name = flixster;
			productName = flixster;
			productReference = 4210A9E8253F1EF900131669 /* flixster.app */;
			productType = "com.apple.product-type.application";
		};
		4210A9FD253F1EFA00131669 /* flixsterTests */ = {
			isa = PBXNativeTarget;
			buildConfigurationList = 4210AA15253F1EFA00131669 /* Build configuration list for PBXNativeTarget "flixsterTests" */;
			buildPhases = (
				4210A9FA253F1EFA00131669 /* Sources */,
				4210A9FB253F1EFA00131669 /* Frameworks */,
				4210A9FC253F1EFA00131669 /* Resources */,
			);
			buildRules = (
			);
			dependencies = (
				4210AA00253F1EFA00131669 /* PBXTargetDependency */,
			);
			name = flixsterTests;
			productName = flixsterTests;
			productReference = 4210A9FE253F1EFA00131669 /* flixsterTests.xctest */;
			productType = "com.apple.product-type.bundle.unit-test";
		};
		4210AA08253F1EFA00131669 /* flixsterUITests */ = {
			isa = PBXNativeTarget;
			buildConfigurationList = 4210AA18253F1EFA00131669 /* Build configuration list for PBXNativeTarget "flixsterUITests" */;
			buildPhases = (
				4210AA05253F1EFA00131669 /* Sources */,
				4210AA06253F1EFA00131669 /* Frameworks */,
				4210AA07253F1EFA00131669 /* Resources */,
			);
			buildRules = (
			);
			dependencies = (
				4210AA0B253F1EFA00131669 /* PBXTargetDependency */,
			);
			name = flixsterUITests;
			productName = flixsterUITests;
			productReference = 4210AA09253F1EFA00131669 /* flixsterUITests.xctest */;
			productType = "com.apple.product-type.bundle.ui-testing";
		};
/* End PBXNativeTarget section */

/* Begin PBXProject section */
		4210A9E0253F1EF900131669 /* Project object */ = {
			isa = PBXProject;
			attributes = {
				LastSwiftUpdateCheck = 1200;
				LastUpgradeCheck = 1200;
				TargetAttributes = {
					4210A9E7253F1EF900131669 = {
						CreatedOnToolsVersion = 12.0.1;
					};
					4210A9FD253F1EFA00131669 = {
						CreatedOnToolsVersion = 12.0.1;
						TestTargetID = 4210A9E7253F1EF900131669;
					};
					4210AA08253F1EFA00131669 = {
						CreatedOnToolsVersion = 12.0.1;
						TestTargetID = 4210A9E7253F1EF900131669;
					};
				};
			};
			buildConfigurationList = 4210A9E3253F1EF900131669 /* Build configuration list for PBXProject "flixster" */;
			compatibilityVersion = "Xcode 9.3";
			developmentRegion = en;
			hasScannedForEncodings = 0;
			knownRegions = (
				en,
				Base,
			);
			mainGroup = 4210A9DF253F1EF900131669;
			productRefGroup = 4210A9E9253F1EF900131669 /* Products */;
			projectDirPath = "";
			projectRoot = "";
			targets = (
				4210A9E7253F1EF900131669 /* flixster */,
				4210A9FD253F1EFA00131669 /* flixsterTests */,
				4210AA08253F1EFA00131669 /* flixsterUITests */,
			);
		};
/* End PBXProject section */

/* Begin PBXResourcesBuildPhase section */
		4210A9E6253F1EF900131669 /* Resources */ = {
			isa = PBXResourcesBuildPhase;
			buildActionMask = 2147483647;
			files = (
				4210A9F8253F1EFA00131669 /* LaunchScreen.storyboard in Resources */,
				4210A9F5253F1EFA00131669 /* Assets.xcassets in Resources */,
				4210A9F3253F1EF900131669 /* Main.storyboard in Resources */,
			);
			runOnlyForDeploymentPostprocessing = 0;
		};
		4210A9FC253F1EFA00131669 /* Resources */ = {
			isa = PBXResourcesBuildPhase;
			buildActionMask = 2147483647;
			files = (
			);
			runOnlyForDeploymentPostprocessing = 0;
		};
		4210AA07253F1EFA00131669 /* Resources */ = {
			isa = PBXResourcesBuildPhase;
			buildActionMask = 2147483647;
			files = (
			);
			runOnlyForDeploymentPostprocessing = 0;
		};
/* End PBXResourcesBuildPhase section */

/* Begin PBXSourcesBuildPhase section */
		4210A9E4253F1EF900131669 /* Sources */ = {
			isa = PBXSourcesBuildPhase;
			buildActionMask = 2147483647;
			files = (
				4210A9F0253F1EF900131669 /* ViewController.swift in Sources */,
				4210A9EC253F1EF900131669 /* AppDelegate.swift in Sources */,
				4210A9EE253F1EF900131669 /* SceneDelegate.swift in Sources */,
			);
			runOnlyForDeploymentPostprocessing = 0;
		};
		4210A9FA253F1EFA00131669 /* Sources */ = {
			isa = PBXSourcesBuildPhase;
			buildActionMask = 2147483647;
			files = (
				4210AA03253F1EFA00131669 /* flixsterTests.swift in Sources */,
			);
			runOnlyForDeploymentPostprocessing = 0;
		};
		4210AA05253F1EFA00131669 /* Sources */ = {
			isa = PBXSourcesBuildPhase;
			buildActionMask = 2147483647;
			files = (
				4210AA0E253F1EFA00131669 /* flixsterUITests.swift in Sources */,
			);
			runOnlyForDeploymentPostprocessing = 0;
		};
/* End PBXSourcesBuildPhase section */

/* Begin PBXTargetDependency section */
		4210AA00253F1EFA00131669 /* PBXTargetDependency */ = {
			isa = PBXTargetDependency;
			target = 4210A9E7253F1EF900131669 /* flixster */;
			targetProxy = 4210A9FF253F1EFA00131669 /* PBXContainerItemProxy */;
		};
		4210AA0B253F1EFA00131669 /* PBXTargetDependency */ = {
			isa = PBXTargetDependency;
			target = 4210A9E7253F1EF900131669 /* flixster */;
			targetProxy = 4210AA0A253F1EFA00131669 /* PBXContainerItemProxy */;
		};
/* End PBXTargetDependency section */

/* Begin PBXVariantGroup section */
		4210A9F1253F1EF900131669 /* Main.storyboard */ = {
			isa = PBXVariantGroup;
			children = (
				4210A9F2253F1EF900131669 /* Base */,
			);
			name = Main.storyboard;
			sourceTree = "<group>";
		};
		4210A9F6253F1EFA00131669 /* LaunchScreen.storyboard */ = {
			isa = PBXVariantGroup;
			children = (
				4210A9F7253F1EFA00131669 /* Base */,
			);
			name = LaunchScreen.storyboard;
			sourceTree = "<group>";
		};
/* End PBXVariantGroup section */

/* Begin XCBuildConfiguration section */
		4210AA10253F1EFA00131669 /* Debug */ = {
			isa = XCBuildConfiguration;
			buildSettings = {
				ALWAYS_SEARCH_USER_PATHS = NO;
				CLANG_ANALYZER_NONNULL = YES;
				CLANG_ANALYZER_NUMBER_OBJECT_CONVERSION = YES_AGGRESSIVE;
				CLANG_CXX_LANGUAGE_STANDARD = "gnu++14";
				CLANG_CXX_LIBRARY = "libc++";
				CLANG_ENABLE_MODULES = YES;
				CLANG_ENABLE_OBJC_ARC = YES;
				CLANG_ENABLE_OBJC_WEAK = YES;
				CLANG_WARN_BLOCK_CAPTURE_AUTORELEASING = YES;
				CLANG_WARN_BOOL_CONVERSION = YES;
				CLANG_WARN_COMMA = YES;
				CLANG_WARN_CONSTANT_CONVERSION = YES;
				CLANG_WARN_DEPRECATED_OBJC_IMPLEMENTATIONS = YES;
				CLANG_WARN_DIRECT_OBJC_ISA_USAGE = YES_ERROR;
				CLANG_WARN_DOCUMENTATION_COMMENTS = YES;
				CLANG_WARN_EMPTY_BODY = YES;
				CLANG_WARN_ENUM_CONVERSION = YES;
				CLANG_WARN_INFINITE_RECURSION = YES;
				CLANG_WARN_INT_CONVERSION = YES;
				CLANG_WARN_NON_LITERAL_NULL_CONVERSION = YES;
				CLANG_WARN_OBJC_IMPLICIT_RETAIN_SELF = YES;
				CLANG_WARN_OBJC_LITERAL_CONVERSION = YES;
				CLANG_WARN_OBJC_ROOT_CLASS = YES_ERROR;
				CLANG_WARN_QUOTED_INCLUDE_IN_FRAMEWORK_HEADER = YES;
				CLANG_WARN_RANGE_LOOP_ANALYSIS = YES;
				CLANG_WARN_STRICT_PROTOTYPES = YES;
				CLANG_WARN_SUSPICIOUS_MOVE = YES;
				CLANG_WARN_UNGUARDED_AVAILABILITY = YES_AGGRESSIVE;
				CLANG_WARN_UNREACHABLE_CODE = YES;
				CLANG_WARN__DUPLICATE_METHOD_MATCH = YES;
				COPY_PHASE_STRIP = NO;
				DEBUG_INFORMATION_FORMAT = dwarf;
				ENABLE_STRICT_OBJC_MSGSEND = YES;
				ENABLE_TESTABILITY = YES;
				GCC_C_LANGUAGE_STANDARD = gnu11;
				GCC_DYNAMIC_NO_PIC = NO;
				GCC_NO_COMMON_BLOCKS = YES;
				GCC_OPTIMIZATION_LEVEL = 0;
				GCC_PREPROCESSOR_DEFINITIONS = (
					"DEBUG=1",
					"$(inherited)",
				);
				GCC_WARN_64_TO_32_BIT_CONVERSION = YES;
				GCC_WARN_ABOUT_RETURN_TYPE = YES_ERROR;
				GCC_WARN_UNDECLARED_SELECTOR = YES;
				GCC_WARN_UNINITIALIZED_AUTOS = YES_AGGRESSIVE;
				GCC_WARN_UNUSED_FUNCTION = YES;
				GCC_WARN_UNUSED_VARIABLE = YES;
				IPHONEOS_DEPLOYMENT_TARGET = 14.0;
				MTL_ENABLE_DEBUG_INFO = INCLUDE_SOURCE;
				MTL_FAST_MATH = YES;
				ONLY_ACTIVE_ARCH = YES;
				SDKROOT = iphoneos;
				SWIFT_ACTIVE_COMPILATION_CONDITIONS = DEBUG;
				SWIFT_OPTIMIZATION_LEVEL = "-Onone";
			};
			name = Debug;
		};
		4210AA11253F1EFA00131669 /* Release */ = {
			isa = XCBuildConfiguration;
			buildSettings = {
				ALWAYS_SEARCH_USER_PATHS = NO;
				CLANG_ANALYZER_NONNULL = YES;
				CLANG_ANALYZER_NUMBER_OBJECT_CONVERSION = YES_AGGRESSIVE;
				CLANG_CXX_LANGUAGE_STANDARD = "gnu++14";
				CLANG_CXX_LIBRARY = "libc++";
				CLANG_ENABLE_MODULES = YES;
				CLANG_ENABLE_OBJC_ARC = YES;
				CLANG_ENABLE_OBJC_WEAK = YES;
				CLANG_WARN_BLOCK_CAPTURE_AUTORELEASING = YES;
				CLANG_WARN_BOOL_CONVERSION = YES;
				CLANG_WARN_COMMA = YES;
				CLANG_WARN_CONSTANT_CONVERSION = YES;
				CLANG_WARN_DEPRECATED_OBJC_IMPLEMENTATIONS = YES;
				CLANG_WARN_DIRECT_OBJC_ISA_USAGE = YES_ERROR;
				CLANG_WARN_DOCUMENTATION_COMMENTS = YES;
				CLANG_WARN_EMPTY_BODY = YES;
				CLANG_WARN_ENUM_CONVERSION = YES;
				CLANG_WARN_INFINITE_RECURSION = YES;
				CLANG_WARN_INT_CONVERSION = YES;
				CLANG_WARN_NON_LITERAL_NULL_CONVERSION = YES;
				CLANG_WARN_OBJC_IMPLICIT_RETAIN_SELF = YES;
				CLANG_WARN_OBJC_LITERAL_CONVERSION = YES;
				CLANG_WARN_OBJC_ROOT_CLASS = YES_ERROR;
				CLANG_WARN_QUOTED_INCLUDE_IN_FRAMEWORK_HEADER = YES;
				CLANG_WARN_RANGE_LOOP_ANALYSIS = YES;
				CLANG_WARN_STRICT_PROTOTYPES = YES;
				CLANG_WARN_SUSPICIOUS_MOVE = YES;
				CLANG_WARN_UNGUARDED_AVAILABILITY = YES_AGGRESSIVE;
				CLANG_WARN_UNREACHABLE_CODE = YES;
				CLANG_WARN__DUPLICATE_METHOD_MATCH = YES;
				COPY_PHASE_STRIP = NO;
				DEBUG_INFORMATION_FORMAT = "dwarf-with-dsym";
				ENABLE_NS_ASSERTIONS = NO;
				ENABLE_STRICT_OBJC_MSGSEND = YES;
				GCC_C_LANGUAGE_STANDARD = gnu11;
				GCC_NO_COMMON_BLOCKS = YES;
				GCC_WARN_64_TO_32_BIT_CONVERSION = YES;
				GCC_WARN_ABOUT_RETURN_TYPE = YES_ERROR;
				GCC_WARN_UNDECLARED_SELECTOR = YES;
				GCC_WARN_UNINITIALIZED_AUTOS = YES_AGGRESSIVE;
				GCC_WARN_UNUSED_FUNCTION = YES;
				GCC_WARN_UNUSED_VARIABLE = YES;
				IPHONEOS_DEPLOYMENT_TARGET = 14.0;
				MTL_ENABLE_DEBUG_INFO = NO;
				MTL_FAST_MATH = YES;
				SDKROOT = iphoneos;
				SWIFT_COMPILATION_MODE = wholemodule;
				SWIFT_OPTIMIZATION_LEVEL = "-O";
				VALIDATE_PRODUCT = YES;
			};
			name = Release;
		};
		4210AA13253F1EFA00131669 /* Debug */ = {
			isa = XCBuildConfiguration;
			buildSettings = {
				ASSETCATALOG_COMPILER_APPICON_NAME = AppIcon;
				ASSETCATALOG_COMPILER_GLOBAL_ACCENT_COLOR_NAME = AccentColor;
				CODE_SIGN_STYLE = Automatic;
				INFOPLIST_FILE = flixster/Info.plist;
				LD_RUNPATH_SEARCH_PATHS = (
					"$(inherited)",
					"@executable_path/Frameworks",
				);
				PRODUCT_BUNDLE_IDENTIFIER = codepath.flixster;
				PRODUCT_NAME = "$(TARGET_NAME)";
				SWIFT_VERSION = 5.0;
				TARGETED_DEVICE_FAMILY = "1,2";
			};
			name = Debug;
		};
		4210AA14253F1EFA00131669 /* Release */ = {
			isa = XCBuildConfiguration;
			buildSettings = {
				ASSETCATALOG_COMPILER_APPICON_NAME = AppIcon;
				ASSETCATALOG_COMPILER_GLOBAL_ACCENT_COLOR_NAME = AccentColor;
				CODE_SIGN_STYLE = Automatic;
				INFOPLIST_FILE = flixster/Info.plist;
				LD_RUNPATH_SEARCH_PATHS = (
					"$(inherited)",
					"@executable_path/Frameworks",
				);
				PRODUCT_BUNDLE_IDENTIFIER = codepath.flixster;
				PRODUCT_NAME = "$(TARGET_NAME)";
				SWIFT_VERSION = 5.0;
				TARGETED_DEVICE_FAMILY = "1,2";
			};
			name = Release;
		};
		4210AA16253F1EFA00131669 /* Debug */ = {
			isa = XCBuildConfiguration;
			buildSettings = {
				ALWAYS_EMBED_SWIFT_STANDARD_LIBRARIES = YES;
				BUNDLE_LOADER = "$(TEST_HOST)";
				CODE_SIGN_STYLE = Automatic;
				INFOPLIST_FILE = flixsterTests/Info.plist;
				IPHONEOS_DEPLOYMENT_TARGET = 14.0;
				LD_RUNPATH_SEARCH_PATHS = (
					"$(inherited)",
					"@executable_path/Frameworks",
					"@loader_path/Frameworks",
				);
				PRODUCT_BUNDLE_IDENTIFIER = codepath.flixsterTests;
				PRODUCT_NAME = "$(TARGET_NAME)";
				SWIFT_VERSION = 5.0;
				TARGETED_DEVICE_FAMILY = "1,2";
				TEST_HOST = "$(BUILT_PRODUCTS_DIR)/flixster.app/flixster";
			};
			name = Debug;
		};
		4210AA17253F1EFA00131669 /* Release */ = {
			isa = XCBuildConfiguration;
			buildSettings = {
				ALWAYS_EMBED_SWIFT_STANDARD_LIBRARIES = YES;
				BUNDLE_LOADER = "$(TEST_HOST)";
				CODE_SIGN_STYLE = Automatic;
				INFOPLIST_FILE = flixsterTests/Info.plist;
				IPHONEOS_DEPLOYMENT_TARGET = 14.0;
				LD_RUNPATH_SEARCH_PATHS = (
					"$(inherited)",
					"@executable_path/Frameworks",
					"@loader_path/Frameworks",
				);
				PRODUCT_BUNDLE_IDENTIFIER = codepath.flixsterTests;
				PRODUCT_NAME = "$(TARGET_NAME)";
				SWIFT_VERSION = 5.0;
				TARGETED_DEVICE_FAMILY = "1,2";
				TEST_HOST = "$(BUILT_PRODUCTS_DIR)/flixster.app/flixster";
			};
			name = Release;
		};
		4210AA19253F1EFA00131669 /* Debug */ = {
			isa = XCBuildConfiguration;
			buildSettings = {
				ALWAYS_EMBED_SWIFT_STANDARD_LIBRARIES = YES;
				CODE_SIGN_STYLE = Automatic;
				INFOPLIST_FILE = flixsterUITests/Info.plist;
				LD_RUNPATH_SEARCH_PATHS = (
					"$(inherited)",
					"@executable_path/Frameworks",
					"@loader_path/Frameworks",
				);
				PRODUCT_BUNDLE_IDENTIFIER = codepath.flixsterUITests;
				PRODUCT_NAME = "$(TARGET_NAME)";
				SWIFT_VERSION = 5.0;
				TARGETED_DEVICE_FAMILY = "1,2";
				TEST_TARGET_NAME = flixster;
			};
			name = Debug;
		};
		4210AA1A253F1EFA00131669 /* Release */ = {
			isa = XCBuildConfiguration;
			buildSettings = {
				ALWAYS_EMBED_SWIFT_STANDARD_LIBRARIES = YES;
				CODE_SIGN_STYLE = Automatic;
				INFOPLIST_FILE = flixsterUITests/Info.plist;
				LD_RUNPATH_SEARCH_PATHS = (
					"$(inherited)",
					"@executable_path/Frameworks",
					"@loader_path/Frameworks",
				);
				PRODUCT_BUNDLE_IDENTIFIER = codepath.flixsterUITests;
				PRODUCT_NAME = "$(TARGET_NAME)";
				SWIFT_VERSION = 5.0;
				TARGETED_DEVICE_FAMILY = "1,2";
				TEST_TARGET_NAME = flixster;
			};
			name = Release;
		};
/* End XCBuildConfiguration section */

/* Begin XCConfigurationList section */
		4210A9E3253F1EF900131669 /* Build configuration list for PBXProject "flixster" */ = {
			isa = XCConfigurationList;
			buildConfigurations = (
				4210AA10253F1EFA00131669 /* Debug */,
				4210AA11253F1EFA00131669 /* Release */,
			);
			defaultConfigurationIsVisible = 0;
			defaultConfigurationName = Release;
		};
		4210AA12253F1EFA00131669 /* Build configuration list for PBXNativeTarget "flixster" */ = {
			isa = XCConfigurationList;
			buildConfigurations = (
				4210AA13253F1EFA00131669 /* Debug */,
				4210AA14253F1EFA00131669 /* Release */,
			);
			defaultConfigurationIsVisible = 0;
			defaultConfigurationName = Release;
		};
		4210AA15253F1EFA00131669 /* Build configuration list for PBXNativeTarget "flixsterTests" */ = {
			isa = XCConfigurationList;
			buildConfigurations = (
				4210AA16253F1EFA00131669 /* Debug */,
				4210AA17253F1EFA00131669 /* Release */,
			);
			defaultConfigurationIsVisible = 0;
			defaultConfigurationName = Release;
		};
		4210AA18253F1EFA00131669 /* Build configuration list for PBXNativeTarget "flixsterUITests" */ = {
			isa = XCConfigurationList;
			buildConfigurations = (
				4210AA19253F1EFA00131669 /* Debug */,
				4210AA1A253F1EFA00131669 /* Release */,
			);
			defaultConfigurationIsVisible = 0;
			defaultConfigurationName = Release;
		};
/* End XCConfigurationList section */
	};
	rootObject = 4210A9E0253F1EF900131669 /* Project object */;
}
